
Microsoft Visual Studio Solution File, Format Version 12.00
# Visual Studio Version 17
VisualStudioVersion = 17.7.34031.279
MinimumVisualStudioVersion = 10.0.40219.1
Project("{FAE04EC0-301F-11D3-BF4B-00C04F79EFBC}") = "ConsoleTest", "ConsoleTest\ConsoleTest.csproj", "{A39D5156-B051-4576-85A4-3BED1C73BD20}"
EndProject
Project("{FAE04EC0-301F-11D3-BF4B-00C04F79EFBC}") = "BruteforceLib", "BruteforceLib\BruteforceLib.csproj", "{7006D6D5-6824-4653-B64D-4752641ECFFE}"
EndProject
Project("{FAE04EC0-301F-11D3-BF4B-00C04F79EFBC}") = "WebBruteforce", "WebBruteforce\WebBruteforce.csproj", "{15CE2389-75AA-467D-A571-09894C2FFDAA}"
EndProject
Global
	GlobalSection(SolutionConfigurationPlatforms) = preSolution
		Debug|Any CPU = Debug|Any CPU
		Release|Any CPU = Release|Any CPU
	EndGlobalSection
	GlobalSection(ProjectConfigurationPlatforms) = postSolution
		{A39D5156-B051-4576-85A4-3BED1C73BD20}.Debug|Any CPU.ActiveCfg = Debug|Any CPU
		{A39D5156-B051-4576-85A4-3BED1C73BD20}.Debug|Any CPU.Build.0 = Debug|Any CPU
		{A39D5156-B051-4576-85A4-3BED1C73BD20}.Release|Any CPU.ActiveCfg = Release|Any CPU
		{A39D5156-B051-4576-85A4-3BED1C73BD20}.Release|Any CPU.Build.0 = Release|Any CPU
		{7006D6D5-6824-4653-B64D-4752641ECFFE}.Debug|Any CPU.ActiveCfg = Debug|Any CPU
		{7006D6D5-6824-4653-B64D-4752641ECFFE}.Debug|Any CPU.Build.0 = Debug|Any CPU
		{7006D6D5-6824-4653-B64D-4752641ECFFE}.Release|Any CPU.ActiveCfg = Release|Any CPU
		{7006D6D5-6824-4653-B64D-4752641ECFFE}.Release|Any CPU.Build.0 = Release|Any CPU
		{15CE2389-75AA-467D-A571-09894C2FFDAA}.Debug|Any CPU.ActiveCfg = Debug|Any CPU
		{15CE2389-75AA-467D-A571-09894C2FFDAA}.Debug|Any CPU.Build.0 = Debug|Any CPU
		{15CE2389-75AA-467D-A571-09894C2FFDAA}.Release|Any CPU.ActiveCfg = Release|Any CPU
		{15CE2389-75AA-467D-A571-09894C2FFDAA}.Release|Any CPU.Build.0 = Release|Any CPU
	EndGlobalSection
	GlobalSection(SolutionProperties) = preSolution
		HideSolutionNode = FALSE
	EndGlobalSection
	GlobalSection(ExtensibilityGlobals) = postSolution
		SolutionGuid = {0B79AA0B-07EA-4B8A-92C3-0EE0894292C3}
	EndGlobalSection
EndGlobal
